// !$*UTF8*$!
{
	archiveVersion = 1;
	classes = {
	};
	objectVersion = 46;
	objects = {

/* Begin PBXBuildFile section */
		653B3B9E1411FC19006C43A1 /* IDictionary.h in Headers */ = {isa = PBXBuildFile; fileRef = 653B3B7B1411FC19006C43A1 /* IDictionary.h */; };
		653B3B9F1411FC19006C43A1 /* IEIterator.h in Headers */ = {isa = PBXBuildFile; fileRef = 653B3B7C1411FC19006C43A1 /* IEIterator.h */; };
		653B3BA01411FC19006C43A1 /* IEntry.h in Headers */ = {isa = PBXBuildFile; fileRef = 653B3B7D1411FC19006C43A1 /* IEntry.h */; };
		653B3BA11411FC19006C43A1 /* IGeneralTour.h in Headers */ = {isa = PBXBuildFile; fileRef = 653B3B7E1411FC19006C43A1 /* IGeneralTour.h */; };
		653B3BA21411FC19006C43A1 /* IList.h in Headers */ = {isa = PBXBuildFile; fileRef = 653B3B7F1411FC19006C43A1 /* IList.h */; };
		653B3BA31411FC19006C43A1 /* IPIterator.h in Headers */ = {isa = PBXBuildFile; fileRef = 653B3B801411FC19006C43A1 /* IPIterator.h */; };
		653B3BA41411FC19006C43A1 /* IPosition.h in Headers */ = {isa = PBXBuildFile; fileRef = 653B3B811411FC19006C43A1 /* IPosition.h */; };
		653B3BA51411FC19006C43A1 /* ISequence.h in Headers */ = {isa = PBXBuildFile; fileRef = 653B3B821411FC19006C43A1 /* ISequence.h */; };
		653B3BA61411FC19006C43A1 /* IStack.h in Headers */ = {isa = PBXBuildFile; fileRef = 653B3B831411FC19006C43A1 /* IStack.h */; };
		653B3BA71411FC19006C43A1 /* ITree.h in Headers */ = {isa = PBXBuildFile; fileRef = 653B3B841411FC19006C43A1 /* ITree.h */; };
		653B3BA81411FC19006C43A1 /* openxds.adt.h in Headers */ = {isa = PBXBuildFile; fileRef = 653B3B851411FC19006C43A1 /* openxds.adt.h */; };
		653B3BA91411FC19006C43A1 /* version.cpp in Sources */ = {isa = PBXBuildFile; fileRef = 653B3B881411FC19006C43A1 /* version.cpp */; };
		6560729014245A0E00BB551A /* IMap.h in Headers */ = {isa = PBXBuildFile; fileRef = 6560728F14245A0E00BB551A /* IMap.h */; };
		656072981424604100BB551A /* IIterator.h in Headers */ = {isa = PBXBuildFile; fileRef = 656072971424604100BB551A /* IIterator.h */; };
/* End PBXBuildFile section */

/* Begin PBXFileReference section */
		651ED3DF1479EACD00462CDB /* mtx */ = {isa = PBXFileReference; lastKnownFileType = folder; path = mtx; sourceTree = "<group>"; };
		653B3B6C1411FA64006C43A1 /* libopenxds_adt.dylib */ = {isa = PBXFileReference; explicitFileType = "compiled.mach-o.dylib"; includeInIndex = 0; path = libopenxds_adt.dylib; sourceTree = BUILT_PRODUCTS_DIR; };
		653B3B741411FC19006C43A1 /* libopenxds_base.link */ = {isa = PBXFileReference; fileEncoding = 4; lastKnownFileType = text; path = libopenxds_base.link; sourceTree = "<group>"; };
		653B3B751411FC19006C43A1 /* libopenxds_core_adt.link */ = {isa = PBXFileReference; fileEncoding = 4; lastKnownFileType = text; path = libopenxds_core_adt.link; sourceTree = "<group>"; };
		653B3B761411FC19006C43A1 /* libopenxds_core_adt_std.link */ = {isa = PBXFileReference; fileEncoding = 4; lastKnownFileType = text; path = libopenxds_core_adt_std.link; sourceTree = "<group>"; };
		653B3B771411FC19006C43A1 /* libopenxds_core_base.link */ = {isa = PBXFileReference; fileEncoding = 4; lastKnownFileType = text; path = libopenxds_core_base.link; sourceTree = "<group>"; };
		653B3B781411FC19006C43A1 /* libopenxds_core_threads.link */ = {isa = PBXFileReference; fileEncoding = 4; lastKnownFileType = text; path = libopenxds_core_threads.link; sourceTree = "<group>"; };
		653B3B7B1411FC19006C43A1 /* IDictionary.h */ = {isa = PBXFileReference; fileEncoding = 4; lastKnownFileType = sourcecode.c.h; path = IDictionary.h; sourceTree = "<group>"; };
		653B3B7C1411FC19006C43A1 /* IEIterator.h */ = {isa = PBXFileReference; fileEncoding = 4; lastKnownFileType = sourcecode.c.h; path = IEIterator.h; sourceTree = "<group>"; };
		653B3B7D1411FC19006C43A1 /* IEntry.h */ = {isa = PBXFileReference; fileEncoding = 4; lastKnownFileType = sourcecode.c.h; path = IEntry.h; sourceTree = "<group>"; };
		653B3B7E1411FC19006C43A1 /* IGeneralTour.h */ = {isa = PBXFileReference; fileEncoding = 4; lastKnownFileType = sourcecode.c.h; path = IGeneralTour.h; sourceTree = "<group>"; };
		653B3B7F1411FC19006C43A1 /* IList.h */ = {isa = PBXFileReference; fileEncoding = 4; lastKnownFileType = sourcecode.c.h; path = IList.h; sourceTree = "<group>"; };
		653B3B801411FC19006C43A1 /* IPIterator.h */ = {isa = PBXFileReference; fileEncoding = 4; lastKnownFileType = sourcecode.c.h; path = IPIterator.h; sourceTree = "<group>"; };
		653B3B811411FC19006C43A1 /* IPosition.h */ = {isa = PBXFileReference; fileEncoding = 4; lastKnownFileType = sourcecode.c.h; path = IPosition.h; sourceTree = "<group>"; };
		653B3B821411FC19006C43A1 /* ISequence.h */ = {isa = PBXFileReference; fileEncoding = 4; lastKnownFileType = sourcecode.c.h; path = ISequence.h; sourceTree = "<group>"; };
		653B3B831411FC19006C43A1 /* IStack.h */ = {isa = PBXFileReference; fileEncoding = 4; lastKnownFileType = sourcecode.c.h; path = IStack.h; sourceTree = "<group>"; };
		653B3B841411FC19006C43A1 /* ITree.h */ = {isa = PBXFileReference; fileEncoding = 4; lastKnownFileType = sourcecode.c.h; path = ITree.h; sourceTree = "<group>"; };
		653B3B851411FC19006C43A1 /* openxds.adt.h */ = {isa = PBXFileReference; fileEncoding = 4; lastKnownFileType = sourcecode.c.h; path = openxds.adt.h; sourceTree = "<group>"; };
		653B3B881411FC19006C43A1 /* version.cpp */ = {isa = PBXFileReference; fileEncoding = 4; lastKnownFileType = sourcecode.cpp.cpp; path = version.cpp; sourceTree = "<group>"; };
		6560728F14245A0E00BB551A /* IMap.h */ = {isa = PBXFileReference; fileEncoding = 4; lastKnownFileType = sourcecode.c.h; path = IMap.h; sourceTree = "<group>"; };
		656072971424604100BB551A /* IIterator.h */ = {isa = PBXFileReference; fileEncoding = 4; lastKnownFileType = sourcecode.c.h; path = IIterator.h; sourceTree = "<group>"; };
/* End PBXFileReference section */

/* Begin PBXFrameworksBuildPhase section */
		653B3B691411FA64006C43A1 /* Frameworks */ = {
			isa = PBXFrameworksBuildPhase;
			buildActionMask = 2147483647;
			files = (
			);
			runOnlyForDeploymentPostprocessing = 0;
		};
/* End PBXFrameworksBuildPhase section */

/* Begin PBXGroup section */
		653B3B611411FA64006C43A1 = {
			isa = PBXGroup;
			children = (
				653B3B731411FC19006C43A1 /* dep */,
				653B3B791411FC19006C43A1 /* include */,
				653B3B861411FC19006C43A1 /* source */,
				653B3B6D1411FA64006C43A1 /* Products */,
			);
			sourceTree = "<group>";
		};
		653B3B6D1411FA64006C43A1 /* Products */ = {
			isa = PBXGroup;
			children = (
				653B3B6C1411FA64006C43A1 /* libopenxds_adt.dylib */,
			);
			name = Products;
			sourceTree = "<group>";
		};
		653B3B731411FC19006C43A1 /* dep */ = {
			isa = PBXGroup;
			children = (
				653B3B741411FC19006C43A1 /* libopenxds_base.link */,
				653B3B751411FC19006C43A1 /* libopenxds_core_adt.link */,
				653B3B761411FC19006C43A1 /* libopenxds_core_adt_std.link */,
				653B3B771411FC19006C43A1 /* libopenxds_core_base.link */,
				653B3B781411FC19006C43A1 /* libopenxds_core_threads.link */,
			);
			path = dep;
			sourceTree = "<group>";
		};
		653B3B791411FC19006C43A1 /* include */ = {
			isa = PBXGroup;
			children = (
				653B3B7A1411FC19006C43A1 /* openxds.adt */,
				653B3B851411FC19006C43A1 /* openxds.adt.h */,
			);
			path = include;
			sourceTree = "<group>";
		};
		653B3B7A1411FC19006C43A1 /* openxds.adt */ = {
			isa = PBXGroup;
			children = (
				653B3B7B1411FC19006C43A1 /* IDictionary.h */,
				653B3B7C1411FC19006C43A1 /* IEIterator.h */,
				653B3B7D1411FC19006C43A1 /* IEntry.h */,
				653B3B7E1411FC19006C43A1 /* IGeneralTour.h */,
				656072971424604100BB551A /* IIterator.h */,
				653B3B7F1411FC19006C43A1 /* IList.h */,
				6560728F14245A0E00BB551A /* IMap.h */,
				653B3B801411FC19006C43A1 /* IPIterator.h */,
				653B3B811411FC19006C43A1 /* IPosition.h */,
				653B3B821411FC19006C43A1 /* ISequence.h */,
				653B3B831411FC19006C43A1 /* IStack.h */,
				653B3B841411FC19006C43A1 /* ITree.h */,
			);
			path = openxds.adt;
			sourceTree = "<group>";
		};
		653B3B861411FC19006C43A1 /* source */ = {
			isa = PBXGroup;
			children = (
				651ED3DF1479EACD00462CDB /* mtx */,
				653B3B871411FC19006C43A1 /* cplusplus */,
			);
			path = source;
			sourceTree = "<group>";
		};
		653B3B871411FC19006C43A1 /* cplusplus */ = {
			isa = PBXGroup;
			children = (
				653B3B881411FC19006C43A1 /* version.cpp */,
			);
			path = cplusplus;
			sourceTree = "<group>";
		};
/* End PBXGroup section */

/* Begin PBXHeadersBuildPhase section */
		653B3B6A1411FA64006C43A1 /* Headers */ = {
			isa = PBXHeadersBuildPhase;
			buildActionMask = 2147483647;
			files = (
				653B3B9E1411FC19006C43A1 /* IDictionary.h in Headers */,
				653B3B9F1411FC19006C43A1 /* IEIterator.h in Headers */,
				653B3BA01411FC19006C43A1 /* IEntry.h in Headers */,
				653B3BA11411FC19006C43A1 /* IGeneralTour.h in Headers */,
				653B3BA21411FC19006C43A1 /* IList.h in Headers */,
				653B3BA31411FC19006C43A1 /* IPIterator.h in Headers */,
				653B3BA41411FC19006C43A1 /* IPosition.h in Headers */,
				653B3BA51411FC19006C43A1 /* ISequence.h in Headers */,
				653B3BA61411FC19006C43A1 /* IStack.h in Headers */,
				653B3BA71411FC19006C43A1 /* ITree.h in Headers */,
				653B3BA81411FC19006C43A1 /* openxds.adt.h in Headers */,
				6560729014245A0E00BB551A /* IMap.h in Headers */,
				656072981424604100BB551A /* IIterator.h in Headers */,
			);
			runOnlyForDeploymentPostprocessing = 0;
		};
/* End PBXHeadersBuildPhase section */

/* Begin PBXNativeTarget section */
		653B3B6B1411FA64006C43A1 /* libopenxds_adt */ = {
			isa = PBXNativeTarget;
			buildConfigurationList = 653B3B701411FA64006C43A1 /* Build configuration list for PBXNativeTarget "libopenxds_adt" */;
			buildPhases = (
				653B3B681411FA64006C43A1 /* Sources */,
				653B3B691411FA64006C43A1 /* Frameworks */,
				653B3B6A1411FA64006C43A1 /* Headers */,
			);
			buildRules = (
			);
			dependencies = (
			);
			name = libopenxds_adt;
			productName = libopenxds_adt;
			productReference = 653B3B6C1411FA64006C43A1 /* libopenxds_adt.dylib */;
			productType = "com.apple.product-type.library.dynamic";
		};
/* End PBXNativeTarget section */

/* Begin PBXProject section */
		653B3B631411FA64006C43A1 /* Project object */ = {
			isa = PBXProject;
			attributes = {
				LastUpgradeCheck = 0420;
			};
			buildConfigurationList = 653B3B661411FA64006C43A1 /* Build configuration list for PBXProject "libopenxds_adt" */;
			compatibilityVersion = "Xcode 3.2";
			developmentRegion = English;
			hasScannedForEncodings = 0;
			knownRegions = (
				en,
			);
			mainGroup = 653B3B611411FA64006C43A1;
			productRefGroup = 653B3B6D1411FA64006C43A1 /* Products */;
			projectDirPath = "";
			projectRoot = "";
			targets = (
				653B3B6B1411FA64006C43A1 /* libopenxds_adt */,
			);
		};
/* End PBXProject section */

/* Begin PBXSourcesBuildPhase section */
		653B3B681411FA64006C43A1 /* Sources */ = {
			isa = PBXSourcesBuildPhase;
			buildActionMask = 2147483647;
			files = (
				653B3BA91411FC19006C43A1 /* version.cpp in Sources */,
			);
			runOnlyForDeploymentPostprocessing = 0;
		};
/* End PBXSourcesBuildPhase section */

/* Begin XCBuildConfiguration section */
		653B3B6E1411FA64006C43A1 /* Debug */ = {
			isa = XCBuildConfiguration;
			buildSettings = {
				ALWAYS_SEARCH_USER_PATHS = YES;
				ARCHS = "$(ARCHS_STANDARD_64_BIT)";
				COPY_PHASE_STRIP = NO;
				GCC_C_LANGUAGE_STANDARD = gnu99;
				GCC_DYNAMIC_NO_PIC = NO;
				GCC_ENABLE_OBJC_EXCEPTIONS = YES;
				GCC_OPTIMIZATION_LEVEL = 0;
				GCC_PREPROCESSOR_DEFINITIONS = (
					"DEBUG=1",
					"$(inherited)",
				);
				GCC_SYMBOLS_PRIVATE_EXTERN = NO;
				GCC_VERSION = com.apple.compilers.llvm.clang.1_0;
				GCC_WARN_64_TO_32_BIT_CONVERSION = YES;
				GCC_WARN_ABOUT_MISSING_PROTOTYPES = YES;
				GCC_WARN_ABOUT_RETURN_TYPE = YES;
				GCC_WARN_UNUSED_VARIABLE = YES;
				HEADER_SEARCH_PATHS = (
					../../../OpenXDS_Core/0.x/libopenxds_core_base/include,
					../../../OpenXDS_Core/0.x/libopenxds_core_threads/include,
					../../../OpenXDS_Core/0.x/libopenxds_core_adt/include,
					../../../OpenXDS_Core/0.x/libopenxds_core_adt_std/include,
					../../../OpenXDS_Core/0.x/libopenxds_core_io/include,
					../libopenxds_base/include,
				);
				MACOSX_DEPLOYMENT_TARGET = 10.6;
				ONLY_ACTIVE_ARCH = YES;
				SDKROOT = macosx;
				USER_HEADER_SEARCH_PATHS = "include source/include";
				USE_HEADERMAP = NO;
			};
			name = Debug;
		};
		653B3B6F1411FA64006C43A1 /* Release */ = {
			isa = XCBuildConfiguration;
			buildSettings = {
				ALWAYS_SEARCH_USER_PATHS = YES;
				ARCHS = "$(ARCHS_STANDARD_64_BIT)";
				COPY_PHASE_STRIP = YES;
				DEBUG_INFORMATION_FORMAT = "dwarf-with-dsym";
				GCC_C_LANGUAGE_STANDARD = gnu99;
				GCC_ENABLE_OBJC_EXCEPTIONS = YES;
				GCC_VERSION = com.apple.compilers.llvm.clang.1_0;
				GCC_WARN_64_TO_32_BIT_CONVERSION = YES;
				GCC_WARN_ABOUT_MISSING_PROTOTYPES = YES;
				GCC_WARN_ABOUT_RETURN_TYPE = YES;
				GCC_WARN_UNUSED_VARIABLE = YES;
				HEADER_SEARCH_PATHS = (
					../../../OpenXDS_Core/0.x/libopenxds_core_base/include,
					../../../OpenXDS_Core/0.x/libopenxds_core_threads/include,
					../../../OpenXDS_Core/0.x/libopenxds_core_adt/include,
					../../../OpenXDS_Core/0.x/libopenxds_core_adt_std/include,
					../../../OpenXDS_Core/0.x/libopenxds_core_io/include,
					../libopenxds_base/include,
				);
				MACOSX_DEPLOYMENT_TARGET = 10.6;
				SDKROOT = macosx;
				USER_HEADER_SEARCH_PATHS = "include source/include";
				USE_HEADERMAP = NO;
			};
			name = Release;
		};
		653B3B711411FA64006C43A1 /* Debug */ = {
			isa = XCBuildConfiguration;
			buildSettings = {
				EXECUTABLE_PREFIX = "";
				PRODUCT_NAME = "$(TARGET_NAME)";
			};
			name = Debug;
		};
		653B3B721411FA64006C43A1 /* Release */ = {
			isa = XCBuildConfiguration;
			buildSettings = {
				EXECUTABLE_PREFIX = "";
				PRODUCT_NAME = "$(TARGET_NAME)";
			};
			name = Release;
		};
/* End XCBuildConfiguration section */

/* Begin XCConfigurationList section */
		653B3B661411FA64006C43A1 /* Build configuration list for PBXProject "libopenxds_adt" */ = {
			isa = XCConfigurationList;
			buildConfigurations = (
				653B3B6E1411FA64006C43A1 /* Debug */,
				653B3B6F1411FA64006C43A1 /* Release */,
			);
			defaultConfigurationIsVisible = 0;
			defaultConfigurationName = Release;
		};
		653B3B701411FA64006C43A1 /* Build configuration list for PBXNativeTarget "libopenxds_adt" */ = {
			isa = XCConfigurationList;
			buildConfigurations = (
				653B3B711411FA64006C43A1 /* Debug */,
				653B3B721411FA64006C43A1 /* Release */,
			);
			defaultConfigurationIsVisible = 0;
			defaultConfigurationName = Release;
		};
/* End XCConfigurationList section */
	};
	rootObject = 653B3B631411FA64006C43A1 /* Project object */;
}
