// !$*UTF8*$!
{
	archiveVersion = 1;
	classes = {
	};
	objectVersion = 46;
	objects = {

/* Begin PBXBuildFile section */
		653B3C6E141201BB006C43A1 /* ACLEntry.h in Headers */ = {isa = PBXBuildFile; fileRef = 653B3C51141201BB006C43A1 /* ACLEntry.h */; };
		653B3C6F141201BB006C43A1 /* AccessControlList.h in Headers */ = {isa = PBXBuildFile; fileRef = 653B3C52141201BB006C43A1 /* AccessControlList.h */; };
		653B3C70141201BB006C43A1 /* AccessPolicy.h in Headers */ = {isa = PBXBuildFile; fileRef = 653B3C53141201BB006C43A1 /* AccessPolicy.h */; };
		653B3C71141201BB006C43A1 /* Entry.h in Headers */ = {isa = PBXBuildFile; fileRef = 653B3C54141201BB006C43A1 /* Entry.h */; };
		653B3C72141201BB006C43A1 /* Policy.h in Headers */ = {isa = PBXBuildFile; fileRef = 653B3C55141201BB006C43A1 /* Policy.h */; };
		653B3C73141201BB006C43A1 /* Principal.h in Headers */ = {isa = PBXBuildFile; fileRef = 653B3C56141201BB006C43A1 /* Principal.h */; };
		653B3C74141201BB006C43A1 /* PrivilegedAttribute.h in Headers */ = {isa = PBXBuildFile; fileRef = 653B3C57141201BB006C43A1 /* PrivilegedAttribute.h */; };
		653B3C75141201BB006C43A1 /* Right.h in Headers */ = {isa = PBXBuildFile; fileRef = 653B3C58141201BB006C43A1 /* Right.h */; };
		653B3C76141201BB006C43A1 /* RightsList.h in Headers */ = {isa = PBXBuildFile; fileRef = 653B3C59141201BB006C43A1 /* RightsList.h */; };
		653B3C77141201BB006C43A1 /* SecurityAttribute.h in Headers */ = {isa = PBXBuildFile; fileRef = 653B3C5A141201BB006C43A1 /* SecurityAttribute.h */; };
		653B3C78141201BB006C43A1 /* AccessException.h in Headers */ = {isa = PBXBuildFile; fileRef = 653B3C5C141201BB006C43A1 /* AccessException.h */; };
		653B3C79141201BB006C43A1 /* openxds.security.h in Headers */ = {isa = PBXBuildFile; fileRef = 653B3C5D141201BB006C43A1 /* openxds.security.h */; };
		653B3C7A141201BB006C43A1 /* UnixRights.h in Headers */ = {isa = PBXBuildFile; fileRef = 653B3C5F141201BB006C43A1 /* UnixRights.h */; };
		653B3C7B141201BB006C43A1 /* security_exceptions.h in Headers */ = {isa = PBXBuildFile; fileRef = 653B3C60141201BB006C43A1 /* security_exceptions.h */; };
/* End PBXBuildFile section */

/* Begin PBXFileReference section */
		653B3C411412015E006C43A1 /* libopenxds_security.dylib */ = {isa = PBXFileReference; explicitFileType = "compiled.mach-o.dylib"; includeInIndex = 0; path = libopenxds_security.dylib; sourceTree = BUILT_PRODUCTS_DIR; };
		653B3C4A141201BB006C43A1 /* libopenxds_base.link */ = {isa = PBXFileReference; fileEncoding = 4; lastKnownFileType = text; path = libopenxds_base.link; sourceTree = "<group>"; };
		653B3C4B141201BB006C43A1 /* libopenxds_core_adt.link */ = {isa = PBXFileReference; fileEncoding = 4; lastKnownFileType = text; path = libopenxds_core_adt.link; sourceTree = "<group>"; };
		653B3C4C141201BB006C43A1 /* libopenxds_core_adt_std.link */ = {isa = PBXFileReference; fileEncoding = 4; lastKnownFileType = text; path = libopenxds_core_adt_std.link; sourceTree = "<group>"; };
		653B3C4D141201BB006C43A1 /* libopenxds_core_base.link */ = {isa = PBXFileReference; fileEncoding = 4; lastKnownFileType = text; path = libopenxds_core_base.link; sourceTree = "<group>"; };
		653B3C4E141201BB006C43A1 /* libopenxds_core_threads.link */ = {isa = PBXFileReference; fileEncoding = 4; lastKnownFileType = text; path = libopenxds_core_threads.link; sourceTree = "<group>"; };
		653B3C51141201BB006C43A1 /* ACLEntry.h */ = {isa = PBXFileReference; fileEncoding = 4; lastKnownFileType = sourcecode.c.h; path = ACLEntry.h; sourceTree = "<group>"; };
		653B3C52141201BB006C43A1 /* AccessControlList.h */ = {isa = PBXFileReference; fileEncoding = 4; lastKnownFileType = sourcecode.c.h; path = AccessControlList.h; sourceTree = "<group>"; };
		653B3C53141201BB006C43A1 /* AccessPolicy.h */ = {isa = PBXFileReference; fileEncoding = 4; lastKnownFileType = sourcecode.c.h; path = AccessPolicy.h; sourceTree = "<group>"; };
		653B3C54141201BB006C43A1 /* Entry.h */ = {isa = PBXFileReference; fileEncoding = 4; lastKnownFileType = sourcecode.c.h; path = Entry.h; sourceTree = "<group>"; };
		653B3C55141201BB006C43A1 /* Policy.h */ = {isa = PBXFileReference; fileEncoding = 4; lastKnownFileType = sourcecode.c.h; path = Policy.h; sourceTree = "<group>"; };
		653B3C56141201BB006C43A1 /* Principal.h */ = {isa = PBXFileReference; fileEncoding = 4; lastKnownFileType = sourcecode.c.h; path = Principal.h; sourceTree = "<group>"; };
		653B3C57141201BB006C43A1 /* PrivilegedAttribute.h */ = {isa = PBXFileReference; fileEncoding = 4; lastKnownFileType = sourcecode.c.h; path = PrivilegedAttribute.h; sourceTree = "<group>"; };
		653B3C58141201BB006C43A1 /* Right.h */ = {isa = PBXFileReference; fileEncoding = 4; lastKnownFileType = sourcecode.c.h; path = Right.h; sourceTree = "<group>"; };
		653B3C59141201BB006C43A1 /* RightsList.h */ = {isa = PBXFileReference; fileEncoding = 4; lastKnownFileType = sourcecode.c.h; path = RightsList.h; sourceTree = "<group>"; };
		653B3C5A141201BB006C43A1 /* SecurityAttribute.h */ = {isa = PBXFileReference; fileEncoding = 4; lastKnownFileType = sourcecode.c.h; path = SecurityAttribute.h; sourceTree = "<group>"; };
		653B3C5C141201BB006C43A1 /* AccessException.h */ = {isa = PBXFileReference; fileEncoding = 4; lastKnownFileType = sourcecode.c.h; path = AccessException.h; sourceTree = "<group>"; };
		653B3C5D141201BB006C43A1 /* openxds.security.h */ = {isa = PBXFileReference; fileEncoding = 4; lastKnownFileType = sourcecode.c.h; path = openxds.security.h; sourceTree = "<group>"; };
		653B3C5F141201BB006C43A1 /* UnixRights.h */ = {isa = PBXFileReference; fileEncoding = 4; lastKnownFileType = sourcecode.c.h; path = UnixRights.h; sourceTree = "<group>"; };
		653B3C60141201BB006C43A1 /* security_exceptions.h */ = {isa = PBXFileReference; fileEncoding = 4; lastKnownFileType = sourcecode.c.h; path = security_exceptions.h; sourceTree = "<group>"; };
/* End PBXFileReference section */

/* Begin PBXFrameworksBuildPhase section */
		653B3C3E1412015E006C43A1 /* Frameworks */ = {
			isa = PBXFrameworksBuildPhase;
			buildActionMask = 2147483647;
			files = (
			);
			runOnlyForDeploymentPostprocessing = 0;
		};
/* End PBXFrameworksBuildPhase section */

/* Begin PBXGroup section */
		653B3C361412015E006C43A1 = {
			isa = PBXGroup;
			children = (
				653B3C48141201BB006C43A1 /* dep */,
				653B3C4F141201BB006C43A1 /* include */,
				653B3C61141201BB006C43A1 /* source */,
				653B3C421412015E006C43A1 /* Products */,
			);
			sourceTree = "<group>";
		};
		653B3C421412015E006C43A1 /* Products */ = {
			isa = PBXGroup;
			children = (
				653B3C411412015E006C43A1 /* libopenxds_security.dylib */,
			);
			name = Products;
			sourceTree = "<group>";
		};
		653B3C48141201BB006C43A1 /* dep */ = {
			isa = PBXGroup;
			children = (
				653B3C4A141201BB006C43A1 /* libopenxds_base.link */,
				653B3C4B141201BB006C43A1 /* libopenxds_core_adt.link */,
				653B3C4C141201BB006C43A1 /* libopenxds_core_adt_std.link */,
				653B3C4D141201BB006C43A1 /* libopenxds_core_base.link */,
				653B3C4E141201BB006C43A1 /* libopenxds_core_threads.link */,
			);
			path = dep;
			sourceTree = "<group>";
		};
		653B3C4F141201BB006C43A1 /* include */ = {
			isa = PBXGroup;
			children = (
				653B3C50141201BB006C43A1 /* openxds.security */,
				653B3C5B141201BB006C43A1 /* openxds.security.exceptions */,
				653B3C5D141201BB006C43A1 /* openxds.security.h */,
				653B3C5E141201BB006C43A1 /* openxds.security.posix */,
				653B3C60141201BB006C43A1 /* security_exceptions.h */,
			);
			path = include;
			sourceTree = "<group>";
		};
		653B3C50141201BB006C43A1 /* openxds.security */ = {
			isa = PBXGroup;
			children = (
				653B3C51141201BB006C43A1 /* ACLEntry.h */,
				653B3C52141201BB006C43A1 /* AccessControlList.h */,
				653B3C53141201BB006C43A1 /* AccessPolicy.h */,
				653B3C54141201BB006C43A1 /* Entry.h */,
				653B3C55141201BB006C43A1 /* Policy.h */,
				653B3C56141201BB006C43A1 /* Principal.h */,
				653B3C57141201BB006C43A1 /* PrivilegedAttribute.h */,
				653B3C58141201BB006C43A1 /* Right.h */,
				653B3C59141201BB006C43A1 /* RightsList.h */,
				653B3C5A141201BB006C43A1 /* SecurityAttribute.h */,
			);
			path = openxds.security;
			sourceTree = "<group>";
		};
		653B3C5B141201BB006C43A1 /* openxds.security.exceptions */ = {
			isa = PBXGroup;
			children = (
				653B3C5C141201BB006C43A1 /* AccessException.h */,
			);
			path = openxds.security.exceptions;
			sourceTree = "<group>";
		};
		653B3C5E141201BB006C43A1 /* openxds.security.posix */ = {
			isa = PBXGroup;
			children = (
				653B3C5F141201BB006C43A1 /* UnixRights.h */,
			);
			path = openxds.security.posix;
			sourceTree = "<group>";
		};
		653B3C61141201BB006C43A1 /* source */ = {
			isa = PBXGroup;
			children = (
				653B3C62141201BB006C43A1 /* cplusplus */,
			);
			path = source;
			sourceTree = "<group>";
		};
		653B3C62141201BB006C43A1 /* cplusplus */ = {
			isa = PBXGroup;
			children = (
			);
			path = cplusplus;
			sourceTree = "<group>";
		};
/* End PBXGroup section */

/* Begin PBXHeadersBuildPhase section */
		653B3C3F1412015E006C43A1 /* Headers */ = {
			isa = PBXHeadersBuildPhase;
			buildActionMask = 2147483647;
			files = (
				653B3C6E141201BB006C43A1 /* ACLEntry.h in Headers */,
				653B3C6F141201BB006C43A1 /* AccessControlList.h in Headers */,
				653B3C70141201BB006C43A1 /* AccessPolicy.h in Headers */,
				653B3C71141201BB006C43A1 /* Entry.h in Headers */,
				653B3C72141201BB006C43A1 /* Policy.h in Headers */,
				653B3C73141201BB006C43A1 /* Principal.h in Headers */,
				653B3C74141201BB006C43A1 /* PrivilegedAttribute.h in Headers */,
				653B3C75141201BB006C43A1 /* Right.h in Headers */,
				653B3C76141201BB006C43A1 /* RightsList.h in Headers */,
				653B3C77141201BB006C43A1 /* SecurityAttribute.h in Headers */,
				653B3C78141201BB006C43A1 /* AccessException.h in Headers */,
				653B3C79141201BB006C43A1 /* openxds.security.h in Headers */,
				653B3C7A141201BB006C43A1 /* UnixRights.h in Headers */,
				653B3C7B141201BB006C43A1 /* security_exceptions.h in Headers */,
			);
			runOnlyForDeploymentPostprocessing = 0;
		};
/* End PBXHeadersBuildPhase section */

/* Begin PBXNativeTarget section */
		653B3C401412015E006C43A1 /* libopenxds_security */ = {
			isa = PBXNativeTarget;
			buildConfigurationList = 653B3C451412015E006C43A1 /* Build configuration list for PBXNativeTarget "libopenxds_security" */;
			buildPhases = (
				653B3C3D1412015E006C43A1 /* Sources */,
				653B3C3E1412015E006C43A1 /* Frameworks */,
				653B3C3F1412015E006C43A1 /* Headers */,
			);
			buildRules = (
			);
			dependencies = (
			);
			name = libopenxds_security;
			productName = libopenxds_security;
			productReference = 653B3C411412015E006C43A1 /* libopenxds_security.dylib */;
			productType = "com.apple.product-type.library.dynamic";
		};
/* End PBXNativeTarget section */

/* Begin PBXProject section */
		653B3C381412015E006C43A1 /* Project object */ = {
			isa = PBXProject;
			buildConfigurationList = 653B3C3B1412015E006C43A1 /* Build configuration list for PBXProject "libopenxds_security" */;
			compatibilityVersion = "Xcode 3.2";
			developmentRegion = English;
			hasScannedForEncodings = 0;
			knownRegions = (
				en,
			);
			mainGroup = 653B3C361412015E006C43A1;
			productRefGroup = 653B3C421412015E006C43A1 /* Products */;
			projectDirPath = "";
			projectRoot = "";
			targets = (
				653B3C401412015E006C43A1 /* libopenxds_security */,
			);
		};
/* End PBXProject section */

/* Begin PBXSourcesBuildPhase section */
		653B3C3D1412015E006C43A1 /* Sources */ = {
			isa = PBXSourcesBuildPhase;
			buildActionMask = 2147483647;
			files = (
			);
			runOnlyForDeploymentPostprocessing = 0;
		};
/* End PBXSourcesBuildPhase section */

/* Begin XCBuildConfiguration section */
		653B3C431412015E006C43A1 /* Debug */ = {
			isa = XCBuildConfiguration;
			buildSettings = {
				ALWAYS_SEARCH_USER_PATHS = YES;
				ARCHS = "$(ARCHS_STANDARD_64_BIT)";
				COPY_PHASE_STRIP = NO;
				GCC_VERSION = com.apple.compilers.llvm.clang.1_0;
				HEADER_SEARCH_PATHS = (
					../../../OpenXDS_Core/0.x/libopenxds_core_base/include,
					../../../OpenXDS_Core/0.x/libopenxds_core_threads/include,
					../../../OpenXDS_Core/0.x/libopenxds_core_adt/include,
					../../../OpenXDS_Core/0.x/libopenxds_core_adt_std/include,
					../../../OpenXDS_Core/0.x/libopenxds_core_io/include,
					../libopenxds_base/include,
					../libopenxds_adt/include,
					../libopenxds_adt_std/include,
				);
				MACOSX_DEPLOYMENT_TARGET = 10.6;
				ONLY_ACTIVE_ARCH = YES;
				SDKROOT = macosx;
				USER_HEADER_SEARCH_PATHS = "source/include include";
				USE_HEADERMAP = NO;
			};
			name = Debug;
		};
		653B3C441412015E006C43A1 /* Release */ = {
			isa = XCBuildConfiguration;
			buildSettings = {
				ALWAYS_SEARCH_USER_PATHS = YES;
				ARCHS = "$(ARCHS_STANDARD_64_BIT)";
				COPY_PHASE_STRIP = YES;
				DEBUG_INFORMATION_FORMAT = "dwarf-with-dsym";
				GCC_VERSION = com.apple.compilers.llvm.clang.1_0;
				HEADER_SEARCH_PATHS = (
					../../../OpenXDS_Core/0.x/libopenxds_core_base/include,
					../../../OpenXDS_Core/0.x/libopenxds_core_threads/include,
					../../../OpenXDS_Core/0.x/libopenxds_core_adt/include,
					../../../OpenXDS_Core/0.x/libopenxds_core_adt_std/include,
					../../../OpenXDS_Core/0.x/libopenxds_core_io/include,
					../libopenxds_base/include,
					../libopenxds_adt/include,
					../libopenxds_adt_std/include,
				);
				MACOSX_DEPLOYMENT_TARGET = 10.6;
				SDKROOT = macosx;
				USER_HEADER_SEARCH_PATHS = "source/include include";
				USE_HEADERMAP = NO;
			};
			name = Release;
		};
		653B3C461412015E006C43A1 /* Debug */ = {
			isa = XCBuildConfiguration;
			buildSettings = {
				EXECUTABLE_PREFIX = "";
				PRODUCT_NAME = "$(TARGET_NAME)";
			};
			name = Debug;
		};
		653B3C471412015E006C43A1 /* Release */ = {
			isa = XCBuildConfiguration;
			buildSettings = {
				EXECUTABLE_PREFIX = "";
				PRODUCT_NAME = "$(TARGET_NAME)";
			};
			name = Release;
		};
/* End XCBuildConfiguration section */

/* Begin XCConfigurationList section */
		653B3C3B1412015E006C43A1 /* Build configuration list for PBXProject "libopenxds_security" */ = {
			isa = XCConfigurationList;
			buildConfigurations = (
				653B3C431412015E006C43A1 /* Debug */,
				653B3C441412015E006C43A1 /* Release */,
			);
			defaultConfigurationIsVisible = 0;
			defaultConfigurationName = Release;
		};
		653B3C451412015E006C43A1 /* Build configuration list for PBXNativeTarget "libopenxds_security" */ = {
			isa = XCConfigurationList;
			buildConfigurations = (
				653B3C461412015E006C43A1 /* Debug */,
				653B3C471412015E006C43A1 /* Release */,
			);
			defaultConfigurationIsVisible = 0;
			defaultConfigurationName = Release;
		};
/* End XCConfigurationList section */
	};
	rootObject = 653B3C381412015E006C43A1 /* Project object */;
}
