// !$*UTF8*$!
{
	archiveVersion = 1;
	classes = {
	};
	objectVersion = 46;
	objects = {

/* Begin PBXBuildFile section */
		65345E7C1411D1C70070D495 /* Exception.h in Headers */ = {isa = PBXBuildFile; fileRef = 65345E2E1411D1C70070D495 /* Exception.h */; };
		65345E7D1411D1C70070D495 /* ICloneable.h in Headers */ = {isa = PBXBuildFile; fileRef = 65345E2F1411D1C70070D495 /* ICloneable.h */; };
		65345E7E1411D1C70070D495 /* IException.h in Headers */ = {isa = PBXBuildFile; fileRef = 65345E301411D1C70070D495 /* IException.h */; };
		65345E7F1411D1C70070D495 /* Interface.h in Headers */ = {isa = PBXBuildFile; fileRef = 65345E311411D1C70070D495 /* Interface.h */; };
		65345E801411D1C70070D495 /* Object.h in Headers */ = {isa = PBXBuildFile; fileRef = 65345E321411D1C70070D495 /* Object.h */; };
		65345E811411D1C70070D495 /* RuntimeException.h in Headers */ = {isa = PBXBuildFile; fileRef = 65345E331411D1C70070D495 /* RuntimeException.h */; };
		65345E821411D1C70070D495 /* global.h in Headers */ = {isa = PBXBuildFile; fileRef = 65345E341411D1C70070D495 /* global.h */; };
		65345E831411D1C70070D495 /* ImplementationException.h in Headers */ = {isa = PBXBuildFile; fileRef = 65345E361411D1C70070D495 /* ImplementationException.h */; };
		65345E841411D1C70070D495 /* IndexOutOfBoundsException.h in Headers */ = {isa = PBXBuildFile; fileRef = 65345E371411D1C70070D495 /* IndexOutOfBoundsException.h */; };
		65345E851411D1C70070D495 /* NoSuchElementException.h in Headers */ = {isa = PBXBuildFile; fileRef = 65345E381411D1C70070D495 /* NoSuchElementException.h */; };
		65345E861411D1C70070D495 /* NonCloneableException.h in Headers */ = {isa = PBXBuildFile; fileRef = 65345E391411D1C70070D495 /* NonCloneableException.h */; };
		65345E871411D1C70070D495 /* SemanticException.h in Headers */ = {isa = PBXBuildFile; fileRef = 65345E3A1411D1C70070D495 /* SemanticException.h */; };
		65345E881411D1C70070D495 /* types.h in Headers */ = {isa = PBXBuildFile; fileRef = 65345E3B1411D1C70070D495 /* types.h */; };
		65345E891411D1C70070D495 /* Character.h in Headers */ = {isa = PBXBuildFile; fileRef = 65345E3D1411D1C70070D495 /* Character.h */; };
		65345E8A1411D1C70070D495 /* DynamicBuffer.h in Headers */ = {isa = PBXBuildFile; fileRef = 65345E3E1411D1C70070D495 /* DynamicBuffer.h */; };
		65345E8B1411D1C70070D495 /* FormattedString.h in Headers */ = {isa = PBXBuildFile; fileRef = 65345E3F1411D1C70070D495 /* FormattedString.h */; };
		65345E8C1411D1C70070D495 /* Math.h in Headers */ = {isa = PBXBuildFile; fileRef = 65345E401411D1C70070D495 /* Math.h */; };
		65345E8D1411D1C70070D495 /* ProcessInfo.h in Headers */ = {isa = PBXBuildFile; fileRef = 65345E411411D1C70070D495 /* ProcessInfo.h */; };
		65345E8E1411D1C70070D495 /* Runtime.h in Headers */ = {isa = PBXBuildFile; fileRef = 65345E421411D1C70070D495 /* Runtime.h */; };
		65345E8F1411D1C70070D495 /* StringBuffer.h in Headers */ = {isa = PBXBuildFile; fileRef = 65345E431411D1C70070D495 /* StringBuffer.h */; };
		65345E901411D1C70070D495 /* StringTokenizer.h in Headers */ = {isa = PBXBuildFile; fileRef = 65345E441411D1C70070D495 /* StringTokenizer.h */; };
		65345E911411D1C70070D495 /* System.h in Headers */ = {isa = PBXBuildFile; fileRef = 65345E451411D1C70070D495 /* System.h */; };
		65345E921411D1C70070D495 /* String.h in Headers */ = {isa = PBXBuildFile; fileRef = 65345E461411D1C70070D495 /* String.h */; };
		65345E931411D1C70070D495 /* openxds.base.h in Headers */ = {isa = PBXBuildFile; fileRef = 65345E471411D1C70070D495 /* openxds.base.h */; };
		65345E941411D1C70070D495 /* openxds.base_exceptions.h in Headers */ = {isa = PBXBuildFile; fileRef = 65345E481411D1C70070D495 /* openxds.base_exceptions.h */; };
		65345E951411D1C70070D495 /* ImplementationException.h in Headers */ = {isa = PBXBuildFile; fileRef = 65345E4A1411D1C70070D495 /* ImplementationException.h */; };
		65345E961411D1C70070D495 /* IndexOutOfBoundsException.h in Headers */ = {isa = PBXBuildFile; fileRef = 65345E4B1411D1C70070D495 /* IndexOutOfBoundsException.h */; };
		65345E971411D1C70070D495 /* NoSuchElementException.h in Headers */ = {isa = PBXBuildFile; fileRef = 65345E4C1411D1C70070D495 /* NoSuchElementException.h */; };
		65345E981411D1C70070D495 /* NonCloneableException.h in Headers */ = {isa = PBXBuildFile; fileRef = 65345E4D1411D1C70070D495 /* NonCloneableException.h */; };
		65345E991411D1C70070D495 /* SemanticException.h in Headers */ = {isa = PBXBuildFile; fileRef = 65345E4E1411D1C70070D495 /* SemanticException.h */; };
		65345E9A1411D1C70070D495 /* openxds.exceptions.h in Headers */ = {isa = PBXBuildFile; fileRef = 65345E4F1411D1C70070D495 /* openxds.exceptions.h */; };
		65345E9B1411D1C70070D495 /* openxds.h in Headers */ = {isa = PBXBuildFile; fileRef = 65345E501411D1C70070D495 /* openxds.h */; };
		65345E9C1411D1C70070D495 /* Testing.h in Headers */ = {isa = PBXBuildFile; fileRef = 65345E521411D1C70070D495 /* Testing.h */; };
		65345E9D1411D1C70070D495 /* openxds.testing.h in Headers */ = {isa = PBXBuildFile; fileRef = 65345E531411D1C70070D495 /* openxds.testing.h */; };
		65345E9E1411D1C70070D495 /* Argo.cpp in Sources */ = {isa = PBXBuildFile; fileRef = 65345E561411D1C70070D495 /* Argo.cpp */; };
		65345E9F1411D1C70070D495 /* Character.cpp in Sources */ = {isa = PBXBuildFile; fileRef = 65345E571411D1C70070D495 /* Character.cpp */; };
		65345EA01411D1C70070D495 /* DynamicBuffer.cpp in Sources */ = {isa = PBXBuildFile; fileRef = 65345E581411D1C70070D495 /* DynamicBuffer.cpp */; };
		65345EA11411D1C70070D495 /* Exception.cpp in Sources */ = {isa = PBXBuildFile; fileRef = 65345E591411D1C70070D495 /* Exception.cpp */; };
		65345EA21411D1C70070D495 /* FormattedString.cpp in Sources */ = {isa = PBXBuildFile; fileRef = 65345E5A1411D1C70070D495 /* FormattedString.cpp */; };
		65345EA31411D1C70070D495 /* ImplementationException.cpp in Sources */ = {isa = PBXBuildFile; fileRef = 65345E5B1411D1C70070D495 /* ImplementationException.cpp */; };
		65345EA41411D1C70070D495 /* IndexOutOfBoundsException.cpp in Sources */ = {isa = PBXBuildFile; fileRef = 65345E5C1411D1C70070D495 /* IndexOutOfBoundsException.cpp */; };
		65345EA51411D1C70070D495 /* Math.cpp in Sources */ = {isa = PBXBuildFile; fileRef = 65345E5D1411D1C70070D495 /* Math.cpp */; };
		65345EA61411D1C70070D495 /* NoSuchElementException.cpp in Sources */ = {isa = PBXBuildFile; fileRef = 65345E5E1411D1C70070D495 /* NoSuchElementException.cpp */; };
		65345EA71411D1C70070D495 /* NonCloneableException.cpp in Sources */ = {isa = PBXBuildFile; fileRef = 65345E5F1411D1C70070D495 /* NonCloneableException.cpp */; };
		65345EA81411D1C70070D495 /* Object.cpp in Sources */ = {isa = PBXBuildFile; fileRef = 65345E601411D1C70070D495 /* Object.cpp */; };
		65345EA91411D1C70070D495 /* ProcessInfo.cpp in Sources */ = {isa = PBXBuildFile; fileRef = 65345E611411D1C70070D495 /* ProcessInfo.cpp */; };
		65345EAA1411D1C70070D495 /* Runtime.cpp in Sources */ = {isa = PBXBuildFile; fileRef = 65345E621411D1C70070D495 /* Runtime.cpp */; };
		65345EAB1411D1C70070D495 /* RuntimeException.cpp in Sources */ = {isa = PBXBuildFile; fileRef = 65345E631411D1C70070D495 /* RuntimeException.cpp */; };
		65345EAC1411D1C70070D495 /* SemanticException.cpp in Sources */ = {isa = PBXBuildFile; fileRef = 65345E641411D1C70070D495 /* SemanticException.cpp */; };
		65345EAD1411D1C70070D495 /* String.cpp in Sources */ = {isa = PBXBuildFile; fileRef = 65345E651411D1C70070D495 /* String.cpp */; };
		65345EAE1411D1C70070D495 /* StringBuffer.cpp in Sources */ = {isa = PBXBuildFile; fileRef = 65345E661411D1C70070D495 /* StringBuffer.cpp */; };
		65345EAF1411D1C70070D495 /* StringTokenizer.cpp in Sources */ = {isa = PBXBuildFile; fileRef = 65345E671411D1C70070D495 /* StringTokenizer.cpp */; };
		65345EB01411D1C70070D495 /* System.cpp in Sources */ = {isa = PBXBuildFile; fileRef = 65345E681411D1C70070D495 /* System.cpp */; };
		65345EB11411D1C70070D495 /* Testing.cpp in Sources */ = {isa = PBXBuildFile; fileRef = 65345E691411D1C70070D495 /* Testing.cpp */; };
		653B3B461411F520006C43A1 /* libopenxds_core_adt_std.dylib in Frameworks */ = {isa = PBXBuildFile; fileRef = 653B3B411411F520006C43A1 /* libopenxds_core_adt_std.dylib */; };
		653B3B471411F520006C43A1 /* libopenxds_core_adt.dylib in Frameworks */ = {isa = PBXBuildFile; fileRef = 653B3B421411F520006C43A1 /* libopenxds_core_adt.dylib */; };
		653B3B481411F520006C43A1 /* libopenxds_core_base.dylib in Frameworks */ = {isa = PBXBuildFile; fileRef = 653B3B431411F520006C43A1 /* libopenxds_core_base.dylib */; };
		653B3B491411F520006C43A1 /* libopenxds_core_io.dylib in Frameworks */ = {isa = PBXBuildFile; fileRef = 653B3B441411F520006C43A1 /* libopenxds_core_io.dylib */; };
		653B3B4A1411F520006C43A1 /* libopenxds_core_threads.dylib in Frameworks */ = {isa = PBXBuildFile; fileRef = 653B3B451411F520006C43A1 /* libopenxds_core_threads.dylib */; };
/* End PBXBuildFile section */

/* Begin PBXFileReference section */
		65345E201411D1910070D495 /* libopenxds_base.dylib */ = {isa = PBXFileReference; explicitFileType = "compiled.mach-o.dylib"; includeInIndex = 0; path = libopenxds_base.dylib; sourceTree = BUILT_PRODUCTS_DIR; };
		65345E281411D1C70070D495 /* libopenxds_core_adt.link */ = {isa = PBXFileReference; fileEncoding = 4; lastKnownFileType = text; path = libopenxds_core_adt.link; sourceTree = "<group>"; };
		65345E291411D1C70070D495 /* libopenxds_core_adt_std.link */ = {isa = PBXFileReference; fileEncoding = 4; lastKnownFileType = text; path = libopenxds_core_adt_std.link; sourceTree = "<group>"; };
		65345E2A1411D1C70070D495 /* libopenxds_core_base.link */ = {isa = PBXFileReference; fileEncoding = 4; lastKnownFileType = text; path = libopenxds_core_base.link; sourceTree = "<group>"; };
		65345E2B1411D1C70070D495 /* libopenxds_core_threads.link */ = {isa = PBXFileReference; fileEncoding = 4; lastKnownFileType = text; path = libopenxds_core_threads.link; sourceTree = "<group>"; };
		65345E2E1411D1C70070D495 /* Exception.h */ = {isa = PBXFileReference; fileEncoding = 4; lastKnownFileType = sourcecode.c.h; path = Exception.h; sourceTree = "<group>"; };
		65345E2F1411D1C70070D495 /* ICloneable.h */ = {isa = PBXFileReference; fileEncoding = 4; lastKnownFileType = sourcecode.c.h; path = ICloneable.h; sourceTree = "<group>"; };
		65345E301411D1C70070D495 /* IException.h */ = {isa = PBXFileReference; fileEncoding = 4; lastKnownFileType = sourcecode.c.h; path = IException.h; sourceTree = "<group>"; };
		65345E311411D1C70070D495 /* Interface.h */ = {isa = PBXFileReference; fileEncoding = 4; lastKnownFileType = sourcecode.c.h; path = Interface.h; sourceTree = "<group>"; };
		65345E321411D1C70070D495 /* Object.h */ = {isa = PBXFileReference; fileEncoding = 4; lastKnownFileType = sourcecode.c.h; path = Object.h; sourceTree = "<group>"; };
		65345E331411D1C70070D495 /* RuntimeException.h */ = {isa = PBXFileReference; fileEncoding = 4; lastKnownFileType = sourcecode.c.h; path = RuntimeException.h; sourceTree = "<group>"; };
		65345E341411D1C70070D495 /* global.h */ = {isa = PBXFileReference; fileEncoding = 4; lastKnownFileType = sourcecode.c.h; path = global.h; sourceTree = "<group>"; };
		65345E361411D1C70070D495 /* ImplementationException.h */ = {isa = PBXFileReference; fileEncoding = 4; lastKnownFileType = sourcecode.c.h; path = ImplementationException.h; sourceTree = "<group>"; };
		65345E371411D1C70070D495 /* IndexOutOfBoundsException.h */ = {isa = PBXFileReference; fileEncoding = 4; lastKnownFileType = sourcecode.c.h; path = IndexOutOfBoundsException.h; sourceTree = "<group>"; };
		65345E381411D1C70070D495 /* NoSuchElementException.h */ = {isa = PBXFileReference; fileEncoding = 4; lastKnownFileType = sourcecode.c.h; path = NoSuchElementException.h; sourceTree = "<group>"; };
		65345E391411D1C70070D495 /* NonCloneableException.h */ = {isa = PBXFileReference; fileEncoding = 4; lastKnownFileType = sourcecode.c.h; path = NonCloneableException.h; sourceTree = "<group>"; };
		65345E3A1411D1C70070D495 /* SemanticException.h */ = {isa = PBXFileReference; fileEncoding = 4; lastKnownFileType = sourcecode.c.h; path = SemanticException.h; sourceTree = "<group>"; };
		65345E3B1411D1C70070D495 /* types.h */ = {isa = PBXFileReference; fileEncoding = 4; lastKnownFileType = sourcecode.c.h; path = types.h; sourceTree = "<group>"; };
		65345E3D1411D1C70070D495 /* Character.h */ = {isa = PBXFileReference; fileEncoding = 4; lastKnownFileType = sourcecode.c.h; path = Character.h; sourceTree = "<group>"; };
		65345E3E1411D1C70070D495 /* DynamicBuffer.h */ = {isa = PBXFileReference; fileEncoding = 4; lastKnownFileType = sourcecode.c.h; path = DynamicBuffer.h; sourceTree = "<group>"; };
		65345E3F1411D1C70070D495 /* FormattedString.h */ = {isa = PBXFileReference; fileEncoding = 4; lastKnownFileType = sourcecode.c.h; path = FormattedString.h; sourceTree = "<group>"; };
		65345E401411D1C70070D495 /* Math.h */ = {isa = PBXFileReference; fileEncoding = 4; lastKnownFileType = sourcecode.c.h; path = Math.h; sourceTree = "<group>"; };
		65345E411411D1C70070D495 /* ProcessInfo.h */ = {isa = PBXFileReference; fileEncoding = 4; lastKnownFileType = sourcecode.c.h; path = ProcessInfo.h; sourceTree = "<group>"; };
		65345E421411D1C70070D495 /* Runtime.h */ = {isa = PBXFileReference; fileEncoding = 4; lastKnownFileType = sourcecode.c.h; path = Runtime.h; sourceTree = "<group>"; };
		65345E431411D1C70070D495 /* StringBuffer.h */ = {isa = PBXFileReference; fileEncoding = 4; lastKnownFileType = sourcecode.c.h; path = StringBuffer.h; sourceTree = "<group>"; };
		65345E441411D1C70070D495 /* StringTokenizer.h */ = {isa = PBXFileReference; fileEncoding = 4; lastKnownFileType = sourcecode.c.h; path = StringTokenizer.h; sourceTree = "<group>"; };
		65345E451411D1C70070D495 /* System.h */ = {isa = PBXFileReference; fileEncoding = 4; lastKnownFileType = sourcecode.c.h; path = System.h; sourceTree = "<group>"; };
		65345E461411D1C70070D495 /* String.h */ = {isa = PBXFileReference; fileEncoding = 4; lastKnownFileType = sourcecode.c.h; path = String.h; sourceTree = "<group>"; };
		65345E471411D1C70070D495 /* openxds.base.h */ = {isa = PBXFileReference; fileEncoding = 4; lastKnownFileType = sourcecode.c.h; path = openxds.base.h; sourceTree = "<group>"; };
		65345E481411D1C70070D495 /* openxds.base_exceptions.h */ = {isa = PBXFileReference; fileEncoding = 4; lastKnownFileType = sourcecode.c.h; path = openxds.base_exceptions.h; sourceTree = "<group>"; };
		65345E4A1411D1C70070D495 /* ImplementationException.h */ = {isa = PBXFileReference; fileEncoding = 4; lastKnownFileType = sourcecode.c.h; path = ImplementationException.h; sourceTree = "<group>"; };
		65345E4B1411D1C70070D495 /* IndexOutOfBoundsException.h */ = {isa = PBXFileReference; fileEncoding = 4; lastKnownFileType = sourcecode.c.h; path = IndexOutOfBoundsException.h; sourceTree = "<group>"; };
		65345E4C1411D1C70070D495 /* NoSuchElementException.h */ = {isa = PBXFileReference; fileEncoding = 4; lastKnownFileType = sourcecode.c.h; path = NoSuchElementException.h; sourceTree = "<group>"; };
		65345E4D1411D1C70070D495 /* NonCloneableException.h */ = {isa = PBXFileReference; fileEncoding = 4; lastKnownFileType = sourcecode.c.h; path = NonCloneableException.h; sourceTree = "<group>"; };
		65345E4E1411D1C70070D495 /* SemanticException.h */ = {isa = PBXFileReference; fileEncoding = 4; lastKnownFileType = sourcecode.c.h; path = SemanticException.h; sourceTree = "<group>"; };
		65345E4F1411D1C70070D495 /* openxds.exceptions.h */ = {isa = PBXFileReference; fileEncoding = 4; lastKnownFileType = sourcecode.c.h; path = openxds.exceptions.h; sourceTree = "<group>"; };
		65345E501411D1C70070D495 /* openxds.h */ = {isa = PBXFileReference; fileEncoding = 4; lastKnownFileType = sourcecode.c.h; path = openxds.h; sourceTree = "<group>"; };
		65345E521411D1C70070D495 /* Testing.h */ = {isa = PBXFileReference; fileEncoding = 4; lastKnownFileType = sourcecode.c.h; path = Testing.h; sourceTree = "<group>"; };
		65345E531411D1C70070D495 /* openxds.testing.h */ = {isa = PBXFileReference; fileEncoding = 4; lastKnownFileType = sourcecode.c.h; path = openxds.testing.h; sourceTree = "<group>"; };
		65345E561411D1C70070D495 /* Argo.cpp */ = {isa = PBXFileReference; fileEncoding = 4; lastKnownFileType = sourcecode.cpp.cpp; path = Argo.cpp; sourceTree = "<group>"; };
		65345E571411D1C70070D495 /* Character.cpp */ = {isa = PBXFileReference; fileEncoding = 4; lastKnownFileType = sourcecode.cpp.cpp; path = Character.cpp; sourceTree = "<group>"; };
		65345E581411D1C70070D495 /* DynamicBuffer.cpp */ = {isa = PBXFileReference; fileEncoding = 4; lastKnownFileType = sourcecode.cpp.cpp; path = DynamicBuffer.cpp; sourceTree = "<group>"; };
		65345E591411D1C70070D495 /* Exception.cpp */ = {isa = PBXFileReference; fileEncoding = 4; lastKnownFileType = sourcecode.cpp.cpp; path = Exception.cpp; sourceTree = "<group>"; };
		65345E5A1411D1C70070D495 /* FormattedString.cpp */ = {isa = PBXFileReference; fileEncoding = 4; lastKnownFileType = sourcecode.cpp.cpp; path = FormattedString.cpp; sourceTree = "<group>"; };
		65345E5B1411D1C70070D495 /* ImplementationException.cpp */ = {isa = PBXFileReference; fileEncoding = 4; lastKnownFileType = sourcecode.cpp.cpp; path = ImplementationException.cpp; sourceTree = "<group>"; };
		65345E5C1411D1C70070D495 /* IndexOutOfBoundsException.cpp */ = {isa = PBXFileReference; fileEncoding = 4; lastKnownFileType = sourcecode.cpp.cpp; path = IndexOutOfBoundsException.cpp; sourceTree = "<group>"; };
		65345E5D1411D1C70070D495 /* Math.cpp */ = {isa = PBXFileReference; fileEncoding = 4; lastKnownFileType = sourcecode.cpp.cpp; path = Math.cpp; sourceTree = "<group>"; };
		65345E5E1411D1C70070D495 /* NoSuchElementException.cpp */ = {isa = PBXFileReference; fileEncoding = 4; lastKnownFileType = sourcecode.cpp.cpp; path = NoSuchElementException.cpp; sourceTree = "<group>"; };
		65345E5F1411D1C70070D495 /* NonCloneableException.cpp */ = {isa = PBXFileReference; fileEncoding = 4; lastKnownFileType = sourcecode.cpp.cpp; path = NonCloneableException.cpp; sourceTree = "<group>"; };
		65345E601411D1C70070D495 /* Object.cpp */ = {isa = PBXFileReference; fileEncoding = 4; lastKnownFileType = sourcecode.cpp.cpp; path = Object.cpp; sourceTree = "<group>"; };
		65345E611411D1C70070D495 /* ProcessInfo.cpp */ = {isa = PBXFileReference; fileEncoding = 4; lastKnownFileType = sourcecode.cpp.cpp; path = ProcessInfo.cpp; sourceTree = "<group>"; };
		65345E621411D1C70070D495 /* Runtime.cpp */ = {isa = PBXFileReference; fileEncoding = 4; lastKnownFileType = sourcecode.cpp.cpp; path = Runtime.cpp; sourceTree = "<group>"; };
		65345E631411D1C70070D495 /* RuntimeException.cpp */ = {isa = PBXFileReference; fileEncoding = 4; lastKnownFileType = sourcecode.cpp.cpp; path = RuntimeException.cpp; sourceTree = "<group>"; };
		65345E641411D1C70070D495 /* SemanticException.cpp */ = {isa = PBXFileReference; fileEncoding = 4; lastKnownFileType = sourcecode.cpp.cpp; path = SemanticException.cpp; sourceTree = "<group>"; };
		65345E651411D1C70070D495 /* String.cpp */ = {isa = PBXFileReference; fileEncoding = 4; lastKnownFileType = sourcecode.cpp.cpp; path = String.cpp; sourceTree = "<group>"; };
		65345E661411D1C70070D495 /* StringBuffer.cpp */ = {isa = PBXFileReference; fileEncoding = 4; lastKnownFileType = sourcecode.cpp.cpp; path = StringBuffer.cpp; sourceTree = "<group>"; };
		65345E671411D1C70070D495 /* StringTokenizer.cpp */ = {isa = PBXFileReference; fileEncoding = 4; lastKnownFileType = sourcecode.cpp.cpp; path = StringTokenizer.cpp; sourceTree = "<group>"; };
		65345E681411D1C70070D495 /* System.cpp */ = {isa = PBXFileReference; fileEncoding = 4; lastKnownFileType = sourcecode.cpp.cpp; path = System.cpp; sourceTree = "<group>"; };
		65345E691411D1C70070D495 /* Testing.cpp */ = {isa = PBXFileReference; fileEncoding = 4; lastKnownFileType = sourcecode.cpp.cpp; path = Testing.cpp; sourceTree = "<group>"; };
		653B3B411411F520006C43A1 /* libopenxds_core_adt_std.dylib */ = {isa = PBXFileReference; lastKnownFileType = "compiled.mach-o.dylib"; name = libopenxds_core_adt_std.dylib; path = "../../../../../../Library/Developer/Xcode/DerivedData/OpenXDS-adzfzkzuajdityaelllcevritvtu/Build/Products/Debug/libopenxds_core_adt_std.dylib"; sourceTree = "<group>"; };
		653B3B421411F520006C43A1 /* libopenxds_core_adt.dylib */ = {isa = PBXFileReference; lastKnownFileType = "compiled.mach-o.dylib"; name = libopenxds_core_adt.dylib; path = "../../../../../../Library/Developer/Xcode/DerivedData/OpenXDS-adzfzkzuajdityaelllcevritvtu/Build/Products/Debug/libopenxds_core_adt.dylib"; sourceTree = "<group>"; };
		653B3B431411F520006C43A1 /* libopenxds_core_base.dylib */ = {isa = PBXFileReference; lastKnownFileType = "compiled.mach-o.dylib"; name = libopenxds_core_base.dylib; path = "../../../../../../Library/Developer/Xcode/DerivedData/OpenXDS-adzfzkzuajdityaelllcevritvtu/Build/Products/Debug/libopenxds_core_base.dylib"; sourceTree = "<group>"; };
		653B3B441411F520006C43A1 /* libopenxds_core_io.dylib */ = {isa = PBXFileReference; lastKnownFileType = "compiled.mach-o.dylib"; name = libopenxds_core_io.dylib; path = "../../../../../../Library/Developer/Xcode/DerivedData/OpenXDS-adzfzkzuajdityaelllcevritvtu/Build/Products/Debug/libopenxds_core_io.dylib"; sourceTree = "<group>"; };
		653B3B451411F520006C43A1 /* libopenxds_core_threads.dylib */ = {isa = PBXFileReference; lastKnownFileType = "compiled.mach-o.dylib"; name = libopenxds_core_threads.dylib; path = "../../../../../../Library/Developer/Xcode/DerivedData/OpenXDS-adzfzkzuajdityaelllcevritvtu/Build/Products/Debug/libopenxds_core_threads.dylib"; sourceTree = "<group>"; };
/* End PBXFileReference section */

/* Begin PBXFrameworksBuildPhase section */
		65345E1D1411D1910070D495 /* Frameworks */ = {
			isa = PBXFrameworksBuildPhase;
			buildActionMask = 2147483647;
			files = (
				653B3B461411F520006C43A1 /* libopenxds_core_adt_std.dylib in Frameworks */,
				653B3B471411F520006C43A1 /* libopenxds_core_adt.dylib in Frameworks */,
				653B3B481411F520006C43A1 /* libopenxds_core_base.dylib in Frameworks */,
				653B3B491411F520006C43A1 /* libopenxds_core_io.dylib in Frameworks */,
				653B3B4A1411F520006C43A1 /* libopenxds_core_threads.dylib in Frameworks */,
			);
			runOnlyForDeploymentPostprocessing = 0;
		};
/* End PBXFrameworksBuildPhase section */

/* Begin PBXGroup section */
		65345E151411D1910070D495 = {
			isa = PBXGroup;
			children = (
				653B3B411411F520006C43A1 /* libopenxds_core_adt_std.dylib */,
				653B3B421411F520006C43A1 /* libopenxds_core_adt.dylib */,
				653B3B431411F520006C43A1 /* libopenxds_core_base.dylib */,
				653B3B441411F520006C43A1 /* libopenxds_core_io.dylib */,
				653B3B451411F520006C43A1 /* libopenxds_core_threads.dylib */,
				65345E271411D1C70070D495 /* dep */,
				65345E2C1411D1C70070D495 /* include */,
				65345E541411D1C70070D495 /* source */,
				65345E211411D1910070D495 /* Products */,
			);
			sourceTree = "<group>";
		};
		65345E211411D1910070D495 /* Products */ = {
			isa = PBXGroup;
			children = (
				65345E201411D1910070D495 /* libopenxds_base.dylib */,
			);
			name = Products;
			sourceTree = "<group>";
		};
		65345E271411D1C70070D495 /* dep */ = {
			isa = PBXGroup;
			children = (
				65345E281411D1C70070D495 /* libopenxds_core_adt.link */,
				65345E291411D1C70070D495 /* libopenxds_core_adt_std.link */,
				65345E2A1411D1C70070D495 /* libopenxds_core_base.link */,
				65345E2B1411D1C70070D495 /* libopenxds_core_threads.link */,
			);
			path = dep;
			sourceTree = "<group>";
		};
		65345E2C1411D1C70070D495 /* include */ = {
			isa = PBXGroup;
			children = (
				65345E2D1411D1C70070D495 /* openxds */,
				65345E3C1411D1C70070D495 /* openxds.base */,
				65345E471411D1C70070D495 /* openxds.base.h */,
				65345E481411D1C70070D495 /* openxds.base_exceptions.h */,
				65345E491411D1C70070D495 /* openxds.exceptions */,
				65345E4F1411D1C70070D495 /* openxds.exceptions.h */,
				65345E501411D1C70070D495 /* openxds.h */,
				65345E511411D1C70070D495 /* openxds.testing */,
				65345E531411D1C70070D495 /* openxds.testing.h */,
			);
			path = include;
			sourceTree = "<group>";
		};
		65345E2D1411D1C70070D495 /* openxds */ = {
			isa = PBXGroup;
			children = (
				65345E2E1411D1C70070D495 /* Exception.h */,
				65345E2F1411D1C70070D495 /* ICloneable.h */,
				65345E301411D1C70070D495 /* IException.h */,
				65345E311411D1C70070D495 /* Interface.h */,
				65345E321411D1C70070D495 /* Object.h */,
				65345E331411D1C70070D495 /* RuntimeException.h */,
				65345E341411D1C70070D495 /* global.h */,
				65345E351411D1C70070D495 /* openxds.exceptions */,
				65345E3B1411D1C70070D495 /* types.h */,
			);
			path = openxds;
			sourceTree = "<group>";
		};
		65345E351411D1C70070D495 /* openxds.exceptions */ = {
			isa = PBXGroup;
			children = (
				65345E361411D1C70070D495 /* ImplementationException.h */,
				65345E371411D1C70070D495 /* IndexOutOfBoundsException.h */,
				65345E381411D1C70070D495 /* NoSuchElementException.h */,
				65345E391411D1C70070D495 /* NonCloneableException.h */,
				65345E3A1411D1C70070D495 /* SemanticException.h */,
			);
			path = openxds.exceptions;
			sourceTree = "<group>";
		};
		65345E3C1411D1C70070D495 /* openxds.base */ = {
			isa = PBXGroup;
			children = (
				65345E3D1411D1C70070D495 /* Character.h */,
				65345E3E1411D1C70070D495 /* DynamicBuffer.h */,
				65345E3F1411D1C70070D495 /* FormattedString.h */,
				65345E401411D1C70070D495 /* Math.h */,
				65345E411411D1C70070D495 /* ProcessInfo.h */,
				65345E421411D1C70070D495 /* Runtime.h */,
				65345E431411D1C70070D495 /* StringBuffer.h */,
				65345E441411D1C70070D495 /* StringTokenizer.h */,
				65345E451411D1C70070D495 /* System.h */,
				65345E461411D1C70070D495 /* String.h */,
			);
			path = openxds.base;
			sourceTree = "<group>";
		};
		65345E491411D1C70070D495 /* openxds.exceptions */ = {
			isa = PBXGroup;
			children = (
				65345E4A1411D1C70070D495 /* ImplementationException.h */,
				65345E4B1411D1C70070D495 /* IndexOutOfBoundsException.h */,
				65345E4C1411D1C70070D495 /* NoSuchElementException.h */,
				65345E4D1411D1C70070D495 /* NonCloneableException.h */,
				65345E4E1411D1C70070D495 /* SemanticException.h */,
			);
			path = openxds.exceptions;
			sourceTree = "<group>";
		};
		65345E511411D1C70070D495 /* openxds.testing */ = {
			isa = PBXGroup;
			children = (
				65345E521411D1C70070D495 /* Testing.h */,
			);
			path = openxds.testing;
			sourceTree = "<group>";
		};
		65345E541411D1C70070D495 /* source */ = {
			isa = PBXGroup;
			children = (
				65345E551411D1C70070D495 /* cplusplus */,
			);
			path = source;
			sourceTree = "<group>";
		};
		65345E551411D1C70070D495 /* cplusplus */ = {
			isa = PBXGroup;
			children = (
				65345E561411D1C70070D495 /* Argo.cpp */,
				65345E571411D1C70070D495 /* Character.cpp */,
				65345E581411D1C70070D495 /* DynamicBuffer.cpp */,
				65345E591411D1C70070D495 /* Exception.cpp */,
				65345E5A1411D1C70070D495 /* FormattedString.cpp */,
				65345E5B1411D1C70070D495 /* ImplementationException.cpp */,
				65345E5C1411D1C70070D495 /* IndexOutOfBoundsException.cpp */,
				65345E5D1411D1C70070D495 /* Math.cpp */,
				65345E5E1411D1C70070D495 /* NoSuchElementException.cpp */,
				65345E5F1411D1C70070D495 /* NonCloneableException.cpp */,
				65345E601411D1C70070D495 /* Object.cpp */,
				65345E611411D1C70070D495 /* ProcessInfo.cpp */,
				65345E621411D1C70070D495 /* Runtime.cpp */,
				65345E631411D1C70070D495 /* RuntimeException.cpp */,
				65345E641411D1C70070D495 /* SemanticException.cpp */,
				65345E651411D1C70070D495 /* String.cpp */,
				65345E661411D1C70070D495 /* StringBuffer.cpp */,
				65345E671411D1C70070D495 /* StringTokenizer.cpp */,
				65345E681411D1C70070D495 /* System.cpp */,
				65345E691411D1C70070D495 /* Testing.cpp */,
			);
			path = cplusplus;
			sourceTree = "<group>";
		};
/* End PBXGroup section */

/* Begin PBXHeadersBuildPhase section */
		65345E1E1411D1910070D495 /* Headers */ = {
			isa = PBXHeadersBuildPhase;
			buildActionMask = 2147483647;
			files = (
				65345E7C1411D1C70070D495 /* Exception.h in Headers */,
				65345E7D1411D1C70070D495 /* ICloneable.h in Headers */,
				65345E7E1411D1C70070D495 /* IException.h in Headers */,
				65345E7F1411D1C70070D495 /* Interface.h in Headers */,
				65345E801411D1C70070D495 /* Object.h in Headers */,
				65345E811411D1C70070D495 /* RuntimeException.h in Headers */,
				65345E821411D1C70070D495 /* global.h in Headers */,
				65345E831411D1C70070D495 /* ImplementationException.h in Headers */,
				65345E841411D1C70070D495 /* IndexOutOfBoundsException.h in Headers */,
				65345E851411D1C70070D495 /* NoSuchElementException.h in Headers */,
				65345E861411D1C70070D495 /* NonCloneableException.h in Headers */,
				65345E871411D1C70070D495 /* SemanticException.h in Headers */,
				65345E881411D1C70070D495 /* types.h in Headers */,
				65345E891411D1C70070D495 /* Character.h in Headers */,
				65345E8A1411D1C70070D495 /* DynamicBuffer.h in Headers */,
				65345E8B1411D1C70070D495 /* FormattedString.h in Headers */,
				65345E8C1411D1C70070D495 /* Math.h in Headers */,
				65345E8D1411D1C70070D495 /* ProcessInfo.h in Headers */,
				65345E8E1411D1C70070D495 /* Runtime.h in Headers */,
				65345E8F1411D1C70070D495 /* StringBuffer.h in Headers */,
				65345E901411D1C70070D495 /* StringTokenizer.h in Headers */,
				65345E911411D1C70070D495 /* System.h in Headers */,
				65345E921411D1C70070D495 /* String.h in Headers */,
				65345E931411D1C70070D495 /* openxds.base.h in Headers */,
				65345E941411D1C70070D495 /* openxds.base_exceptions.h in Headers */,
				65345E951411D1C70070D495 /* ImplementationException.h in Headers */,
				65345E961411D1C70070D495 /* IndexOutOfBoundsException.h in Headers */,
				65345E971411D1C70070D495 /* NoSuchElementException.h in Headers */,
				65345E981411D1C70070D495 /* NonCloneableException.h in Headers */,
				65345E991411D1C70070D495 /* SemanticException.h in Headers */,
				65345E9A1411D1C70070D495 /* openxds.exceptions.h in Headers */,
				65345E9B1411D1C70070D495 /* openxds.h in Headers */,
				65345E9C1411D1C70070D495 /* Testing.h in Headers */,
				65345E9D1411D1C70070D495 /* openxds.testing.h in Headers */,
			);
			runOnlyForDeploymentPostprocessing = 0;
		};
/* End PBXHeadersBuildPhase section */

/* Begin PBXNativeTarget section */
		65345E1F1411D1910070D495 /* libopenxds_base */ = {
			isa = PBXNativeTarget;
			buildConfigurationList = 65345E241411D1910070D495 /* Build configuration list for PBXNativeTarget "libopenxds_base" */;
			buildPhases = (
				65345E1C1411D1910070D495 /* Sources */,
				65345E1D1411D1910070D495 /* Frameworks */,
				65345E1E1411D1910070D495 /* Headers */,
			);
			buildRules = (
			);
			dependencies = (
			);
			name = libopenxds_base;
			productName = libopenxds_base;
			productReference = 65345E201411D1910070D495 /* libopenxds_base.dylib */;
			productType = "com.apple.product-type.library.dynamic";
		};
/* End PBXNativeTarget section */

/* Begin PBXProject section */
		65345E171411D1910070D495 /* Project object */ = {
			isa = PBXProject;
			buildConfigurationList = 65345E1A1411D1910070D495 /* Build configuration list for PBXProject "libopenxds_base" */;
			compatibilityVersion = "Xcode 3.2";
			developmentRegion = English;
			hasScannedForEncodings = 0;
			knownRegions = (
				en,
			);
			mainGroup = 65345E151411D1910070D495;
			productRefGroup = 65345E211411D1910070D495 /* Products */;
			projectDirPath = "";
			projectRoot = "";
			targets = (
				65345E1F1411D1910070D495 /* libopenxds_base */,
			);
		};
/* End PBXProject section */

/* Begin PBXSourcesBuildPhase section */
		65345E1C1411D1910070D495 /* Sources */ = {
			isa = PBXSourcesBuildPhase;
			buildActionMask = 2147483647;
			files = (
				65345E9E1411D1C70070D495 /* Argo.cpp in Sources */,
				65345E9F1411D1C70070D495 /* Character.cpp in Sources */,
				65345EA01411D1C70070D495 /* DynamicBuffer.cpp in Sources */,
				65345EA11411D1C70070D495 /* Exception.cpp in Sources */,
				65345EA21411D1C70070D495 /* FormattedString.cpp in Sources */,
				65345EA31411D1C70070D495 /* ImplementationException.cpp in Sources */,
				65345EA41411D1C70070D495 /* IndexOutOfBoundsException.cpp in Sources */,
				65345EA51411D1C70070D495 /* Math.cpp in Sources */,
				65345EA61411D1C70070D495 /* NoSuchElementException.cpp in Sources */,
				65345EA71411D1C70070D495 /* NonCloneableException.cpp in Sources */,
				65345EA81411D1C70070D495 /* Object.cpp in Sources */,
				65345EA91411D1C70070D495 /* ProcessInfo.cpp in Sources */,
				65345EAA1411D1C70070D495 /* Runtime.cpp in Sources */,
				65345EAB1411D1C70070D495 /* RuntimeException.cpp in Sources */,
				65345EAC1411D1C70070D495 /* SemanticException.cpp in Sources */,
				65345EAD1411D1C70070D495 /* String.cpp in Sources */,
				65345EAE1411D1C70070D495 /* StringBuffer.cpp in Sources */,
				65345EAF1411D1C70070D495 /* StringTokenizer.cpp in Sources */,
				65345EB01411D1C70070D495 /* System.cpp in Sources */,
				65345EB11411D1C70070D495 /* Testing.cpp in Sources */,
			);
			runOnlyForDeploymentPostprocessing = 0;
		};
/* End PBXSourcesBuildPhase section */

/* Begin XCBuildConfiguration section */
		65345E221411D1910070D495 /* Debug */ = {
			isa = XCBuildConfiguration;
			buildSettings = {
				ALWAYS_SEARCH_USER_PATHS = YES;
				ARCHS = "$(ARCHS_STANDARD_64_BIT)";
				COPY_PHASE_STRIP = NO;
				GCC_C_LANGUAGE_STANDARD = gnu99;
				GCC_DYNAMIC_NO_PIC = NO;
				GCC_ENABLE_OBJC_EXCEPTIONS = YES;
				GCC_OPTIMIZATION_LEVEL = 0;
				GCC_PREPROCESSOR_DEFINITIONS = (
					"DEBUG=1",
					"$(inherited)",
				);
				GCC_SYMBOLS_PRIVATE_EXTERN = NO;
				GCC_VERSION = com.apple.compilers.llvm.clang.1_0;
				GCC_WARN_64_TO_32_BIT_CONVERSION = YES;
				GCC_WARN_ABOUT_MISSING_PROTOTYPES = YES;
				GCC_WARN_ABOUT_RETURN_TYPE = YES;
				GCC_WARN_UNUSED_VARIABLE = YES;
				HEADER_SEARCH_PATHS = (
					../../../OpenXDS_Core/0.x/libopenxds_core_base/include,
					../../../OpenXDS_Core/0.x/libopenxds_core_threads/include,
					../../../OpenXDS_Core/0.x/libopenxds_core_adt/include,
					../../../OpenXDS_Core/0.x/libopenxds_core_adt_std/include,
					../../../OpenXDS_Core/0.x/libopenxds_core_io/include,
				);
				MACOSX_DEPLOYMENT_TARGET = 10.6;
				ONLY_ACTIVE_ARCH = YES;
				SDKROOT = macosx;
				USER_HEADER_SEARCH_PATHS = "source/include include";
			};
			name = Debug;
		};
		65345E231411D1910070D495 /* Release */ = {
			isa = XCBuildConfiguration;
			buildSettings = {
				ALWAYS_SEARCH_USER_PATHS = YES;
				ARCHS = "$(ARCHS_STANDARD_64_BIT)";
				COPY_PHASE_STRIP = YES;
				DEBUG_INFORMATION_FORMAT = "dwarf-with-dsym";
				GCC_C_LANGUAGE_STANDARD = gnu99;
				GCC_ENABLE_OBJC_EXCEPTIONS = YES;
				GCC_VERSION = com.apple.compilers.llvm.clang.1_0;
				GCC_WARN_64_TO_32_BIT_CONVERSION = YES;
				GCC_WARN_ABOUT_MISSING_PROTOTYPES = YES;
				GCC_WARN_ABOUT_RETURN_TYPE = YES;
				GCC_WARN_UNUSED_VARIABLE = YES;
				HEADER_SEARCH_PATHS = (
					../../../OpenXDS_Core/0.x/libopenxds_core_base/include,
					../../../OpenXDS_Core/0.x/libopenxds_core_threads/include,
					../../../OpenXDS_Core/0.x/libopenxds_core_adt/include,
					../../../OpenXDS_Core/0.x/libopenxds_core_adt_std/include,
					../../../OpenXDS_Core/0.x/libopenxds_core_io/include,
				);
				MACOSX_DEPLOYMENT_TARGET = 10.6;
				SDKROOT = macosx;
				USER_HEADER_SEARCH_PATHS = "source/include include";
			};
			name = Release;
		};
		65345E251411D1910070D495 /* Debug */ = {
			isa = XCBuildConfiguration;
			buildSettings = {
				EXECUTABLE_PREFIX = "";
				LIBRARY_SEARCH_PATHS = (
					"$(inherited)",
					"\"$(SRCROOT)/../../../../../../Library/Developer/Xcode/DerivedData/OpenXDS-adzfzkzuajdityaelllcevritvtu/Build/Products/Debug\"",
				);
				PRODUCT_NAME = "$(TARGET_NAME)";
				USE_HEADERMAP = NO;
			};
			name = Debug;
		};
		65345E261411D1910070D495 /* Release */ = {
			isa = XCBuildConfiguration;
			buildSettings = {
				EXECUTABLE_PREFIX = "";
				LIBRARY_SEARCH_PATHS = (
					"$(inherited)",
					"\"$(SRCROOT)/../../../../../../Library/Developer/Xcode/DerivedData/OpenXDS-adzfzkzuajdityaelllcevritvtu/Build/Products/Debug\"",
				);
				PRODUCT_NAME = "$(TARGET_NAME)";
				USE_HEADERMAP = NO;
			};
			name = Release;
		};
/* End XCBuildConfiguration section */

/* Begin XCConfigurationList section */
		65345E1A1411D1910070D495 /* Build configuration list for PBXProject "libopenxds_base" */ = {
			isa = XCConfigurationList;
			buildConfigurations = (
				65345E221411D1910070D495 /* Debug */,
				65345E231411D1910070D495 /* Release */,
			);
			defaultConfigurationIsVisible = 0;
			defaultConfigurationName = Release;
		};
		65345E241411D1910070D495 /* Build configuration list for PBXNativeTarget "libopenxds_base" */ = {
			isa = XCConfigurationList;
			buildConfigurations = (
				65345E251411D1910070D495 /* Debug */,
				65345E261411D1910070D495 /* Release */,
			);
			defaultConfigurationIsVisible = 0;
			defaultConfigurationName = Release;
		};
/* End XCConfigurationList section */
	};
	rootObject = 65345E171411D1910070D495 /* Project object */;
}
